// !$*UTF8*$!
{
	archiveVersion = 1;
	classes = {
	};
	objectVersion = 46;
	objects = {

/* Begin PBXBuildFile section */
		140C0D841AE2F4010029C90A /* RNFrostedSidebarTests.m in Sources */ = {isa = PBXBuildFile; fileRef = 140C0D831AE2F4010029C90A /* RNFrostedSidebarTests.m */; };
		140C0D8B1AE2F6490029C90A /* RNFrostedSidebarSpecSpec.m in Sources */ = {isa = PBXBuildFile; fileRef = 140C0D8A1AE2F6490029C90A /* RNFrostedSidebarSpecSpec.m */; };
		86251D5417C3DE9E00837EBD /* burger.png in Resources */ = {isa = PBXBuildFile; fileRef = 86251D3A17C3DE9E00837EBD /* burger.png */; };
		86251D5517C3DE9E00837EBD /* burger@2x.png in Resources */ = {isa = PBXBuildFile; fileRef = 86251D3B17C3DE9E00837EBD /* burger@2x.png */; };
		86251D5617C3DE9E00837EBD /* Default-568h@2x.png in Resources */ = {isa = PBXBuildFile; fileRef = 86251D3C17C3DE9E00837EBD /* Default-568h@2x.png */; };
		86251D5717C3DE9E00837EBD /* Default.png in Resources */ = {isa = PBXBuildFile; fileRef = 86251D3D17C3DE9E00837EBD /* Default.png */; };
		86251D5817C3DE9E00837EBD /* Default@2x.png in Resources */ = {isa = PBXBuildFile; fileRef = 86251D3E17C3DE9E00837EBD /* Default@2x.png */; };
		86251D5917C3DE9E00837EBD /* InfoPlist.strings in Resources */ = {isa = PBXBuildFile; fileRef = 86251D3F17C3DE9E00837EBD /* InfoPlist.strings */; };
		86251D5A17C3DE9E00837EBD /* gear.png in Resources */ = {isa = PBXBuildFile; fileRef = 86251D4117C3DE9E00837EBD /* gear.png */; };
		86251D5B17C3DE9E00837EBD /* gear@2x.png in Resources */ = {isa = PBXBuildFile; fileRef = 86251D4217C3DE9E00837EBD /* gear@2x.png */; };
		86251D5C17C3DE9E00837EBD /* globe.png in Resources */ = {isa = PBXBuildFile; fileRef = 86251D4317C3DE9E00837EBD /* globe.png */; };
		86251D5D17C3DE9E00837EBD /* globe@2x.png in Resources */ = {isa = PBXBuildFile; fileRef = 86251D4417C3DE9E00837EBD /* globe@2x.png */; };
		86251D5E17C3DE9E00837EBD /* Images.xcassets in Resources */ = {isa = PBXBuildFile; fileRef = 86251D4517C3DE9E00837EBD /* Images.xcassets */; };
		86251D5F17C3DE9E00837EBD /* main.m in Sources */ = {isa = PBXBuildFile; fileRef = 86251D4617C3DE9E00837EBD /* main.m */; };
		86251D6017C3DE9E00837EBD /* profile.png in Resources */ = {isa = PBXBuildFile; fileRef = 86251D4717C3DE9E00837EBD /* profile.png */; };
		86251D6117C3DE9E00837EBD /* profile@2x.png in Resources */ = {isa = PBXBuildFile; fileRef = 86251D4817C3DE9E00837EBD /* profile@2x.png */; };
		86251D6217C3DE9E00837EBD /* Profile_image.png in Resources */ = {isa = PBXBuildFile; fileRef = 86251D4917C3DE9E00837EBD /* Profile_image.png */; };
		86251D6317C3DE9E00837EBD /* Profile_image@2x.png in Resources */ = {isa = PBXBuildFile; fileRef = 86251D4A17C3DE9E00837EBD /* Profile_image@2x.png */; };
		86251D6417C3DE9E00837EBD /* RNAppDelegate.m in Sources */ = {isa = PBXBuildFile; fileRef = 86251D4C17C3DE9E00837EBD /* RNAppDelegate.m */; };
		86251D6617C3DE9E00837EBD /* star.png in Resources */ = {isa = PBXBuildFile; fileRef = 86251D4F17C3DE9E00837EBD /* star.png */; };
		86251D6717C3DE9E00837EBD /* star@2x.png in Resources */ = {isa = PBXBuildFile; fileRef = 86251D5017C3DE9E00837EBD /* star@2x.png */; };
		86251D6817C3DE9E00837EBD /* ViewController.m in Sources */ = {isa = PBXBuildFile; fileRef = 86251D5217C3DE9E00837EBD /* ViewController.m */; };
		86251D6917C3DE9E00837EBD /* ViewController.xib in Resources */ = {isa = PBXBuildFile; fileRef = 86251D5317C3DE9E00837EBD /* ViewController.xib */; };
		8646016117BAF99800FCE7F4 /* Foundation.framework in Frameworks */ = {isa = PBXBuildFile; fileRef = 8646016017BAF99800FCE7F4 /* Foundation.framework */; };
		8646016317BAF99800FCE7F4 /* CoreGraphics.framework in Frameworks */ = {isa = PBXBuildFile; fileRef = 8646016217BAF99800FCE7F4 /* CoreGraphics.framework */; };
		8646016517BAF99800FCE7F4 /* UIKit.framework in Frameworks */ = {isa = PBXBuildFile; fileRef = 8646016417BAF99800FCE7F4 /* UIKit.framework */; };
		8681BB5917BAFB5A007F1B43 /* RNFrostedSidebar.m in Sources */ = {isa = PBXBuildFile; fileRef = 8681BB5817BAFB5A007F1B43 /* RNFrostedSidebar.m */; };
		86D2CBF917CEAFE50098397C /* QuartzCore.framework in Frameworks */ = {isa = PBXBuildFile; fileRef = 862D1B2317BC2C9B00157004 /* QuartzCore.framework */; };
		86D2CBFA17CEAFE90098397C /* Accelerate.framework in Frameworks */ = {isa = PBXBuildFile; fileRef = 862D1B2517BC2CA000157004 /* Accelerate.framework */; };
		F4BCD605A25CAF5C655C3E48 /* libPods-RNFrostedSidebarTests.a in Frameworks */ = {isa = PBXBuildFile; fileRef = 625CAF924852652F71D9A22A /* libPods-RNFrostedSidebarTests.a */; };
/* End PBXBuildFile section */

/* Begin PBXContainerItemProxy section */
		140C0D851AE2F4010029C90A /* PBXContainerItemProxy */ = {
			isa = PBXContainerItemProxy;
			containerPortal = 8646015517BAF99800FCE7F4 /* Project object */;
			proxyType = 1;
			remoteGlobalIDString = 8646015C17BAF99800FCE7F4;
			remoteInfo = RNFrostedSidebar;
		};
/* End PBXContainerItemProxy section */

/* Begin PBXFileReference section */
		140C0D7F1AE2F4010029C90A /* RNFrostedSidebarTests.xctest */ = {isa = PBXFileReference; explicitFileType = wrapper.cfbundle; includeInIndex = 0; path = RNFrostedSidebarTests.xctest; sourceTree = BUILT_PRODUCTS_DIR; };
		140C0D821AE2F4010029C90A /* Info.plist */ = {isa = PBXFileReference; lastKnownFileType = text.plist.xml; path = Info.plist; sourceTree = "<group>"; };
		140C0D831AE2F4010029C90A /* RNFrostedSidebarTests.m */ = {isa = PBXFileReference; lastKnownFileType = sourcecode.c.objc; path = RNFrostedSidebarTests.m; sourceTree = "<group>"; };
		140C0D8A1AE2F6490029C90A /* RNFrostedSidebarSpecSpec.m */ = {isa = PBXFileReference; fileEncoding = 4; lastKnownFileType = sourcecode.c.objc; path = RNFrostedSidebarSpecSpec.m; sourceTree = "<group>"; };
		39F9564A6BC585B55AF93C89 /* Pods-RNFrostedSidebarTests.release.xcconfig */ = {isa = PBXFileReference; includeInIndex = 1; lastKnownFileType = text.xcconfig; name = "Pods-RNFrostedSidebarTests.release.xcconfig"; path = "Pods/Target Support Files/Pods-RNFrostedSidebarTests/Pods-RNFrostedSidebarTests.release.xcconfig"; sourceTree = "<group>"; };
		625CAF924852652F71D9A22A /* libPods-RNFrostedSidebarTests.a */ = {isa = PBXFileReference; explicitFileType = archive.ar; includeInIndex = 0; path = "libPods-RNFrostedSidebarTests.a"; sourceTree = BUILT_PRODUCTS_DIR; };
		86251D3A17C3DE9E00837EBD /* burger.png */ = {isa = PBXFileReference; lastKnownFileType = image.png; path = burger.png; sourceTree = "<group>"; };
		86251D3B17C3DE9E00837EBD /* burger@2x.png */ = {isa = PBXFileReference; lastKnownFileType = image.png; path = "burger@2x.png"; sourceTree = "<group>"; };
		86251D3C17C3DE9E00837EBD /* Default-568h@2x.png */ = {isa = PBXFileReference; lastKnownFileType = image.png; path = "Default-568h@2x.png"; sourceTree = "<group>"; };
		86251D3D17C3DE9E00837EBD /* Default.png */ = {isa = PBXFileReference; lastKnownFileType = image.png; path = Default.png; sourceTree = "<group>"; };
		86251D3E17C3DE9E00837EBD /* Default@2x.png */ = {isa = PBXFileReference; lastKnownFileType = image.png; path = "Default@2x.png"; sourceTree = "<group>"; };
		86251D4017C3DE9E00837EBD /* en */ = {isa = PBXFileReference; lastKnownFileType = text.plist.strings; name = en; path = en.lproj/InfoPlist.strings; sourceTree = "<group>"; };
		86251D4117C3DE9E00837EBD /* gear.png */ = {isa = PBXFileReference; lastKnownFileType = image.png; path = gear.png; sourceTree = "<group>"; };
		86251D4217C3DE9E00837EBD /* gear@2x.png */ = {isa = PBXFileReference; lastKnownFileType = image.png; path = "gear@2x.png"; sourceTree = "<group>"; };
		86251D4317C3DE9E00837EBD /* globe.png */ = {isa = PBXFileReference; lastKnownFileType = image.png; path = globe.png; sourceTree = "<group>"; };
		86251D4417C3DE9E00837EBD /* globe@2x.png */ = {isa = PBXFileReference; lastKnownFileType = image.png; path = "globe@2x.png"; sourceTree = "<group>"; };
		86251D4517C3DE9E00837EBD /* Images.xcassets */ = {isa = PBXFileReference; lastKnownFileType = folder.assetcatalog; path = Images.xcassets; sourceTree = "<group>"; };
		86251D4617C3DE9E00837EBD /* main.m */ = {isa = PBXFileReference; fileEncoding = 4; lastKnownFileType = sourcecode.c.objc; path = main.m; sourceTree = "<group>"; };
		86251D4717C3DE9E00837EBD /* profile.png */ = {isa = PBXFileReference; lastKnownFileType = image.png; path = profile.png; sourceTree = "<group>"; };
		86251D4817C3DE9E00837EBD /* profile@2x.png */ = {isa = PBXFileReference; lastKnownFileType = image.png; path = "profile@2x.png"; sourceTree = "<group>"; };
		86251D4917C3DE9E00837EBD /* Profile_image.png */ = {isa = PBXFileReference; lastKnownFileType = image.png; path = Profile_image.png; sourceTree = "<group>"; };
		86251D4A17C3DE9E00837EBD /* Profile_image@2x.png */ = {isa = PBXFileReference; lastKnownFileType = image.png; path = "Profile_image@2x.png"; sourceTree = "<group>"; };
		86251D4B17C3DE9E00837EBD /* RNAppDelegate.h */ = {isa = PBXFileReference; fileEncoding = 4; lastKnownFileType = sourcecode.c.h; path = RNAppDelegate.h; sourceTree = "<group>"; };
		86251D4C17C3DE9E00837EBD /* RNAppDelegate.m */ = {isa = PBXFileReference; fileEncoding = 4; lastKnownFileType = sourcecode.c.objc; path = RNAppDelegate.m; sourceTree = "<group>"; };
		86251D4D17C3DE9E00837EBD /* RNFrostedSidebar-Info.plist */ = {isa = PBXFileReference; fileEncoding = 4; lastKnownFileType = text.plist.xml; path = "RNFrostedSidebar-Info.plist"; sourceTree = "<group>"; };
		86251D4E17C3DE9E00837EBD /* RNFrostedSidebar-Prefix.pch */ = {isa = PBXFileReference; fileEncoding = 4; lastKnownFileType = sourcecode.c.h; path = "RNFrostedSidebar-Prefix.pch"; sourceTree = "<group>"; };
		86251D4F17C3DE9E00837EBD /* star.png */ = {isa = PBXFileReference; lastKnownFileType = image.png; path = star.png; sourceTree = "<group>"; };
		86251D5017C3DE9E00837EBD /* star@2x.png */ = {isa = PBXFileReference; lastKnownFileType = image.png; path = "star@2x.png"; sourceTree = "<group>"; };
		86251D5117C3DE9E00837EBD /* ViewController.h */ = {isa = PBXFileReference; fileEncoding = 4; lastKnownFileType = sourcecode.c.h; path = ViewController.h; sourceTree = "<group>"; };
		86251D5217C3DE9E00837EBD /* ViewController.m */ = {isa = PBXFileReference; fileEncoding = 4; lastKnownFileType = sourcecode.c.objc; path = ViewController.m; sourceTree = "<group>"; };
		86251D5317C3DE9E00837EBD /* ViewController.xib */ = {isa = PBXFileReference; fileEncoding = 4; lastKnownFileType = file.xib; path = ViewController.xib; sourceTree = "<group>"; };
		862D1B2317BC2C9B00157004 /* QuartzCore.framework */ = {isa = PBXFileReference; lastKnownFileType = wrapper.framework; name = QuartzCore.framework; path = System/Library/Frameworks/QuartzCore.framework; sourceTree = SDKROOT; };
		862D1B2517BC2CA000157004 /* Accelerate.framework */ = {isa = PBXFileReference; lastKnownFileType = wrapper.framework; name = Accelerate.framework; path = System/Library/Frameworks/Accelerate.framework; sourceTree = SDKROOT; };
		8646015D17BAF99800FCE7F4 /* RNFrostedSidebar.app */ = {isa = PBXFileReference; explicitFileType = wrapper.application; includeInIndex = 0; path = RNFrostedSidebar.app; sourceTree = BUILT_PRODUCTS_DIR; };
		8646016017BAF99800FCE7F4 /* Foundation.framework */ = {isa = PBXFileReference; lastKnownFileType = wrapper.framework; name = Foundation.framework; path = System/Library/Frameworks/Foundation.framework; sourceTree = SDKROOT; };
		8646016217BAF99800FCE7F4 /* CoreGraphics.framework */ = {isa = PBXFileReference; lastKnownFileType = wrapper.framework; name = CoreGraphics.framework; path = System/Library/Frameworks/CoreGraphics.framework; sourceTree = SDKROOT; };
		8646016417BAF99800FCE7F4 /* UIKit.framework */ = {isa = PBXFileReference; lastKnownFileType = wrapper.framework; name = UIKit.framework; path = System/Library/Frameworks/UIKit.framework; sourceTree = SDKROOT; };
		8646017917BAF99800FCE7F4 /* XCTest.framework */ = {isa = PBXFileReference; lastKnownFileType = wrapper.framework; name = XCTest.framework; path = Library/Frameworks/XCTest.framework; sourceTree = DEVELOPER_DIR; };
		8681BB5717BAFB5A007F1B43 /* RNFrostedSidebar.h */ = {isa = PBXFileReference; fileEncoding = 4; lastKnownFileType = sourcecode.c.h; path = RNFrostedSidebar.h; sourceTree = "<group>"; };
		8681BB5817BAFB5A007F1B43 /* RNFrostedSidebar.m */ = {isa = PBXFileReference; fileEncoding = 4; lastKnownFileType = sourcecode.c.objc; path = RNFrostedSidebar.m; sourceTree = "<group>"; };
		B66EA8FB9E51C380B8A9AC89 /* Pods-RNFrostedSidebarTests.debug.xcconfig */ = {isa = PBXFileReference; includeInIndex = 1; lastKnownFileType = text.xcconfig; name = "Pods-RNFrostedSidebarTests.debug.xcconfig"; path = "Pods/Target Support Files/Pods-RNFrostedSidebarTests/Pods-RNFrostedSidebarTests.debug.xcconfig"; sourceTree = "<group>"; };
/* End PBXFileReference section */

/* Begin PBXFrameworksBuildPhase section */
		140C0D7C1AE2F4010029C90A /* Frameworks */ = {
			isa = PBXFrameworksBuildPhase;
			buildActionMask = 2147483647;
			files = (
				F4BCD605A25CAF5C655C3E48 /* libPods-RNFrostedSidebarTests.a in Frameworks */,
			);
			runOnlyForDeploymentPostprocessing = 0;
		};
		8646015A17BAF99800FCE7F4 /* Frameworks */ = {
			isa = PBXFrameworksBuildPhase;
			buildActionMask = 2147483647;
			files = (
				86D2CBFA17CEAFE90098397C /* Accelerate.framework in Frameworks */,
				86D2CBF917CEAFE50098397C /* QuartzCore.framework in Frameworks */,
				8646016317BAF99800FCE7F4 /* CoreGraphics.framework in Frameworks */,
				8646016517BAF99800FCE7F4 /* UIKit.framework in Frameworks */,
				8646016117BAF99800FCE7F4 /* Foundation.framework in Frameworks */,
			);
			runOnlyForDeploymentPostprocessing = 0;
		};
/* End PBXFrameworksBuildPhase section */

/* Begin PBXGroup section */
		140C0D801AE2F4010029C90A /* RNFrostedSidebarTests */ = {
			isa = PBXGroup;
			children = (
				140C0D831AE2F4010029C90A /* RNFrostedSidebarTests.m */,
				140C0D811AE2F4010029C90A /* Supporting Files */,
				140C0D8A1AE2F6490029C90A /* RNFrostedSidebarSpecSpec.m */,
			);
			path = RNFrostedSidebarTests;
			sourceTree = "<group>";
		};
		140C0D811AE2F4010029C90A /* Supporting Files */ = {
			isa = PBXGroup;
			children = (
				140C0D821AE2F4010029C90A /* Info.plist */,
			);
			name = "Supporting Files";
			sourceTree = "<group>";
		};
		86251D3917C3DE9E00837EBD /* example */ = {
			isa = PBXGroup;
			children = (
				86251D3A17C3DE9E00837EBD /* burger.png */,
				86251D3B17C3DE9E00837EBD /* burger@2x.png */,
				86251D3C17C3DE9E00837EBD /* Default-568h@2x.png */,
				86251D3D17C3DE9E00837EBD /* Default.png */,
				86251D3E17C3DE9E00837EBD /* Default@2x.png */,
				86251D3F17C3DE9E00837EBD /* InfoPlist.strings */,
				86251D4117C3DE9E00837EBD /* gear.png */,
				86251D4217C3DE9E00837EBD /* gear@2x.png */,
				86251D4317C3DE9E00837EBD /* globe.png */,
				86251D4417C3DE9E00837EBD /* globe@2x.png */,
				86251D4517C3DE9E00837EBD /* Images.xcassets */,
				86251D4617C3DE9E00837EBD /* main.m */,
				86251D4717C3DE9E00837EBD /* profile.png */,
				86251D4817C3DE9E00837EBD /* profile@2x.png */,
				86251D4917C3DE9E00837EBD /* Profile_image.png */,
				86251D4A17C3DE9E00837EBD /* Profile_image@2x.png */,
				86251D4B17C3DE9E00837EBD /* RNAppDelegate.h */,
				86251D4C17C3DE9E00837EBD /* RNAppDelegate.m */,
				86251D4D17C3DE9E00837EBD /* RNFrostedSidebar-Info.plist */,
				86251D4E17C3DE9E00837EBD /* RNFrostedSidebar-Prefix.pch */,
				86251D4F17C3DE9E00837EBD /* star.png */,
				86251D5017C3DE9E00837EBD /* star@2x.png */,
				86251D5117C3DE9E00837EBD /* ViewController.h */,
				86251D5217C3DE9E00837EBD /* ViewController.m */,
				86251D5317C3DE9E00837EBD /* ViewController.xib */,
			);
			path = example;
			sourceTree = "<group>";
		};
		8646015417BAF99800FCE7F4 = {
			isa = PBXGroup;
			children = (
				86251D3917C3DE9E00837EBD /* example */,
				140C0D801AE2F4010029C90A /* RNFrostedSidebarTests */,
				8646015F17BAF99800FCE7F4 /* Frameworks */,
				8646015E17BAF99800FCE7F4 /* Products */,
				8681BB5717BAFB5A007F1B43 /* RNFrostedSidebar.h */,
				8681BB5817BAFB5A007F1B43 /* RNFrostedSidebar.m */,
				F9DFA8CE08464E3B3C472F54 /* Pods */,
			);
			sourceTree = "<group>";
		};
		8646015E17BAF99800FCE7F4 /* Products */ = {
			isa = PBXGroup;
			children = (
				8646015D17BAF99800FCE7F4 /* RNFrostedSidebar.app */,
				140C0D7F1AE2F4010029C90A /* RNFrostedSidebarTests.xctest */,
			);
			name = Products;
			sourceTree = "<group>";
		};
		8646015F17BAF99800FCE7F4 /* Frameworks */ = {
			isa = PBXGroup;
			children = (
				862D1B2517BC2CA000157004 /* Accelerate.framework */,
				862D1B2317BC2C9B00157004 /* QuartzCore.framework */,
				8646016017BAF99800FCE7F4 /* Foundation.framework */,
				8646016217BAF99800FCE7F4 /* CoreGraphics.framework */,
				8646016417BAF99800FCE7F4 /* UIKit.framework */,
				8646017917BAF99800FCE7F4 /* XCTest.framework */,
				625CAF924852652F71D9A22A /* libPods-RNFrostedSidebarTests.a */,
			);
			name = Frameworks;
			sourceTree = "<group>";
		};
		F9DFA8CE08464E3B3C472F54 /* Pods */ = {
			isa = PBXGroup;
			children = (
				B66EA8FB9E51C380B8A9AC89 /* Pods-RNFrostedSidebarTests.debug.xcconfig */,
				39F9564A6BC585B55AF93C89 /* Pods-RNFrostedSidebarTests.release.xcconfig */,
			);
			name = Pods;
			sourceTree = "<group>";
		};
/* End PBXGroup section */

/* Begin PBXNativeTarget section */
		140C0D7E1AE2F4010029C90A /* RNFrostedSidebarTests */ = {
			isa = PBXNativeTarget;
			buildConfigurationList = 140C0D891AE2F4010029C90A /* Build configuration list for PBXNativeTarget "RNFrostedSidebarTests" */;
			buildPhases = (
				22B8B33E0807C3EF04D9B225 /* Check Pods Manifest.lock */,
				140C0D7B1AE2F4010029C90A /* Sources */,
				140C0D7C1AE2F4010029C90A /* Frameworks */,
				140C0D7D1AE2F4010029C90A /* Resources */,
				8191323675730A2EDB0BF4A1 /* Copy Pods Resources */,
			);
			buildRules = (
			);
			dependencies = (
				140C0D861AE2F4010029C90A /* PBXTargetDependency */,
			);
			name = RNFrostedSidebarTests;
			productName = RNFrostedSidebarTests;
			productReference = 140C0D7F1AE2F4010029C90A /* RNFrostedSidebarTests.xctest */;
			productType = "com.apple.product-type.bundle.unit-test";
		};
		8646015C17BAF99800FCE7F4 /* RNFrostedSidebar */ = {
			isa = PBXNativeTarget;
			buildConfigurationList = 8646018917BAF99800FCE7F4 /* Build configuration list for PBXNativeTarget "RNFrostedSidebar" */;
			buildPhases = (
				8646015917BAF99800FCE7F4 /* Sources */,
				8646015A17BAF99800FCE7F4 /* Frameworks */,
				8646015B17BAF99800FCE7F4 /* Resources */,
			);
			buildRules = (
			);
			dependencies = (
			);
			name = RNFrostedSidebar;
			productName = RNSideCallout;
			productReference = 8646015D17BAF99800FCE7F4 /* RNFrostedSidebar.app */;
			productType = "com.apple.product-type.application";
		};
/* End PBXNativeTarget section */

/* Begin PBXProject section */
		8646015517BAF99800FCE7F4 /* Project object */ = {
			isa = PBXProject;
			attributes = {
				CLASSPREFIX = RN;
				LastUpgradeCheck = 0500;
				ORGANIZATIONNAME = "Ryan Nystrom";
				TargetAttributes = {
					140C0D7E1AE2F4010029C90A = {
						CreatedOnToolsVersion = 6.3;
						TestTargetID = 8646015C17BAF99800FCE7F4;
					};
				};
			};
			buildConfigurationList = 8646015817BAF99800FCE7F4 /* Build configuration list for PBXProject "RNFrostedSidebar" */;
			compatibilityVersion = "Xcode 3.2";
			developmentRegion = English;
			hasScannedForEncodings = 0;
			knownRegions = (
				en,
			);
			mainGroup = 8646015417BAF99800FCE7F4;
			productRefGroup = 8646015E17BAF99800FCE7F4 /* Products */;
			projectDirPath = "";
			projectRoot = "";
			targets = (
				8646015C17BAF99800FCE7F4 /* RNFrostedSidebar */,
				140C0D7E1AE2F4010029C90A /* RNFrostedSidebarTests */,
			);
		};
/* End PBXProject section */

/* Begin PBXResourcesBuildPhase section */
		140C0D7D1AE2F4010029C90A /* Resources */ = {
			isa = PBXResourcesBuildPhase;
			buildActionMask = 2147483647;
			files = (
			);
			runOnlyForDeploymentPostprocessing = 0;
		};
		8646015B17BAF99800FCE7F4 /* Resources */ = {
			isa = PBXResourcesBuildPhase;
			buildActionMask = 2147483647;
			files = (
				86251D5417C3DE9E00837EBD /* burger.png in Resources */,
				86251D5A17C3DE9E00837EBD /* gear.png in Resources */,
				86251D5D17C3DE9E00837EBD /* globe@2x.png in Resources */,
				86251D6117C3DE9E00837EBD /* profile@2x.png in Resources */,
				86251D5917C3DE9E00837EBD /* InfoPlist.strings in Resources */,
				86251D5E17C3DE9E00837EBD /* Images.xcassets in Resources */,
				86251D6717C3DE9E00837EBD /* star@2x.png in Resources */,
				86251D5C17C3DE9E00837EBD /* globe.png in Resources */,
				86251D5517C3DE9E00837EBD /* burger@2x.png in Resources */,
				86251D6617C3DE9E00837EBD /* star.png in Resources */,
				86251D6017C3DE9E00837EBD /* profile.png in Resources */,
				86251D5817C3DE9E00837EBD /* Default@2x.png in Resources */,
				86251D5617C3DE9E00837EBD /* Default-568h@2x.png in Resources */,
				86251D6317C3DE9E00837EBD /* Profile_image@2x.png in Resources */,
				86251D6217C3DE9E00837EBD /* Profile_image.png in Resources */,
				86251D5717C3DE9E00837EBD /* Default.png in Resources */,
				86251D6917C3DE9E00837EBD /* ViewController.xib in Resources */,
				86251D5B17C3DE9E00837EBD /* gear@2x.png in Resources */,
			);
			runOnlyForDeploymentPostprocessing = 0;
		};
/* End PBXResourcesBuildPhase section */

/* Begin PBXShellScriptBuildPhase section */
		22B8B33E0807C3EF04D9B225 /* Check Pods Manifest.lock */ = {
			isa = PBXShellScriptBuildPhase;
			buildActionMask = 2147483647;
			files = (
			);
			inputPaths = (
			);
			name = "Check Pods Manifest.lock";
			outputPaths = (
			);
			runOnlyForDeploymentPostprocessing = 0;
			shellPath = /bin/sh;
			shellScript = "diff \"${PODS_ROOT}/../Podfile.lock\" \"${PODS_ROOT}/Manifest.lock\" > /dev/null\nif [[ $? != 0 ]] ; then\n    cat << EOM\nerror: The sandbox is not in sync with the Podfile.lock. Run 'pod install' or update your CocoaPods installation.\nEOM\n    exit 1\nfi\n";
			showEnvVarsInLog = 0;
		};
		8191323675730A2EDB0BF4A1 /* Copy Pods Resources */ = {
			isa = PBXShellScriptBuildPhase;
			buildActionMask = 2147483647;
			files = (
			);
			inputPaths = (
			);
			name = "Copy Pods Resources";
			outputPaths = (
			);
			runOnlyForDeploymentPostprocessing = 0;
			shellPath = /bin/sh;
			shellScript = "\"${SRCROOT}/Pods/Target Support Files/Pods-RNFrostedSidebarTests/Pods-RNFrostedSidebarTests-resources.sh\"\n";
			showEnvVarsInLog = 0;
		};
/* End PBXShellScriptBuildPhase section */

/* Begin PBXSourcesBuildPhase section */
		140C0D7B1AE2F4010029C90A /* Sources */ = {
			isa = PBXSourcesBuildPhase;
			buildActionMask = 2147483647;
			files = (
				140C0D8B1AE2F6490029C90A /* RNFrostedSidebarSpecSpec.m in Sources */,
				140C0D841AE2F4010029C90A /* RNFrostedSidebarTests.m in Sources */,
			);
			runOnlyForDeploymentPostprocessing = 0;
		};
		8646015917BAF99800FCE7F4 /* Sources */ = {
			isa = PBXSourcesBuildPhase;
			buildActionMask = 2147483647;
			files = (
				86251D5F17C3DE9E00837EBD /* main.m in Sources */,
				8681BB5917BAFB5A007F1B43 /* RNFrostedSidebar.m in Sources */,
				86251D6817C3DE9E00837EBD /* ViewController.m in Sources */,
				86251D6417C3DE9E00837EBD /* RNAppDelegate.m in Sources */,
			);
			runOnlyForDeploymentPostprocessing = 0;
		};
/* End PBXSourcesBuildPhase section */

/* Begin PBXTargetDependency section */
		140C0D861AE2F4010029C90A /* PBXTargetDependency */ = {
			isa = PBXTargetDependency;
			target = 8646015C17BAF99800FCE7F4 /* RNFrostedSidebar */;
			targetProxy = 140C0D851AE2F4010029C90A /* PBXContainerItemProxy */;
		};
/* End PBXTargetDependency section */

/* Begin PBXVariantGroup section */
		86251D3F17C3DE9E00837EBD /* InfoPlist.strings */ = {
			isa = PBXVariantGroup;
			children = (
				86251D4017C3DE9E00837EBD /* en */,
			);
			name = InfoPlist.strings;
			sourceTree = "<group>";
		};
/* End PBXVariantGroup section */

/* Begin XCBuildConfiguration section */
		140C0D871AE2F4010029C90A /* Debug */ = {
			isa = XCBuildConfiguration;
			baseConfigurationReference = B66EA8FB9E51C380B8A9AC89 /* Pods-RNFrostedSidebarTests.debug.xcconfig */;
			buildSettings = {
				BUNDLE_LOADER = "$(TEST_HOST)";
				CLANG_WARN_UNREACHABLE_CODE = YES;
				DEBUG_INFORMATION_FORMAT = "dwarf-with-dsym";
				ENABLE_STRICT_OBJC_MSGSEND = YES;
				FRAMEWORK_SEARCH_PATHS = (
					"$(SDKROOT)/Developer/Library/Frameworks",
					"$(inherited)",
				);
				GCC_NO_COMMON_BLOCKS = YES;
				GCC_PREPROCESSOR_DEFINITIONS = (
					"DEBUG=1",
					"$(inherited)",
				);
				GCC_WARN_64_TO_32_BIT_CONVERSION = YES;
				GCC_WARN_UNINITIALIZED_AUTOS = YES_AGGRESSIVE;
				INFOPLIST_FILE = RNFrostedSidebarTests/Info.plist;
				IPHONEOS_DEPLOYMENT_TARGET = 8.3;
				LD_RUNPATH_SEARCH_PATHS = "$(inherited) @executable_path/Frameworks @loader_path/Frameworks";
				MTL_ENABLE_DEBUG_INFO = YES;
				PRODUCT_NAME = "$(TARGET_NAME)";
				TEST_HOST = "$(BUILT_PRODUCTS_DIR)/RNFrostedSidebar.app/RNFrostedSidebar";
			};
			name = Debug;
		};
		140C0D881AE2F4010029C90A /* Release */ = {
			isa = XCBuildConfiguration;
			baseConfigurationReference = 39F9564A6BC585B55AF93C89 /* Pods-RNFrostedSidebarTests.release.xcconfig */;
			buildSettings = {
				BUNDLE_LOADER = "$(TEST_HOST)";
				CLANG_WARN_UNREACHABLE_CODE = YES;
				COPY_PHASE_STRIP = NO;
				DEBUG_INFORMATION_FORMAT = "dwarf-with-dsym";
				ENABLE_STRICT_OBJC_MSGSEND = YES;
				FRAMEWORK_SEARCH_PATHS = (
					"$(SDKROOT)/Developer/Library/Frameworks",
					"$(inherited)",
				);
				GCC_NO_COMMON_BLOCKS = YES;
				GCC_WARN_64_TO_32_BIT_CONVERSION = YES;
				GCC_WARN_UNINITIALIZED_AUTOS = YES_AGGRESSIVE;
				INFOPLIST_FILE = RNFrostedSidebarTests/Info.plist;
				IPHONEOS_DEPLOYMENT_TARGET = 8.3;
				LD_RUNPATH_SEARCH_PATHS = "$(inherited) @executable_path/Frameworks @loader_path/Frameworks";
				MTL_ENABLE_DEBUG_INFO = NO;
				PRODUCT_NAME = "$(TARGET_NAME)";
				TEST_HOST = "$(BUILT_PRODUCTS_DIR)/RNFrostedSidebar.app/RNFrostedSidebar";
			};
			name = Release;
		};
		8646018717BAF99800FCE7F4 /* Debug */ = {
			isa = XCBuildConfiguration;
			buildSettings = {
				ALWAYS_SEARCH_USER_PATHS = NO;
				CLANG_CXX_LANGUAGE_STANDARD = "gnu++0x";
				CLANG_CXX_LIBRARY = "libc++";
				CLANG_ENABLE_MODULES = YES;
				CLANG_ENABLE_OBJC_ARC = YES;
				CLANG_WARN_BOOL_CONVERSION = YES;
				CLANG_WARN_CONSTANT_CONVERSION = YES;
				CLANG_WARN_DIRECT_OBJC_ISA_USAGE = YES_ERROR;
				CLANG_WARN_EMPTY_BODY = YES;
				CLANG_WARN_ENUM_CONVERSION = YES;
				CLANG_WARN_INT_CONVERSION = YES;
				CLANG_WARN_OBJC_ROOT_CLASS = YES_ERROR;
				CLANG_WARN__DUPLICATE_METHOD_MATCH = YES;
				"CODE_SIGN_IDENTITY[sdk=iphoneos*]" = "iPhone Developer";
				COPY_PHASE_STRIP = NO;
				GCC_C_LANGUAGE_STANDARD = gnu99;
				GCC_DYNAMIC_NO_PIC = NO;
				GCC_OPTIMIZATION_LEVEL = 0;
				GCC_PREPROCESSOR_DEFINITIONS = (
					"DEBUG=1",
					"$(inherited)",
				);
				GCC_SYMBOLS_PRIVATE_EXTERN = NO;
				GCC_WARN_ABOUT_RETURN_TYPE = YES_ERROR;
				GCC_WARN_UNDECLARED_SELECTOR = YES;
				GCC_WARN_UNINITIALIZED_AUTOS = YES;
				GCC_WARN_UNUSED_FUNCTION = YES;
				GCC_WARN_UNUSED_VARIABLE = YES;
				IPHONEOS_DEPLOYMENT_TARGET = 7.0;
				ONLY_ACTIVE_ARCH = YES;
				SDKROOT = iphoneos;
				TARGETED_DEVICE_FAMILY = "1,2";
			};
			name = Debug;
		};
		8646018817BAF99800FCE7F4 /* Release */ = {
			isa = XCBuildConfiguration;
			buildSettings = {
				ALWAYS_SEARCH_USER_PATHS = NO;
				CLANG_CXX_LANGUAGE_STANDARD = "gnu++0x";
				CLANG_CXX_LIBRARY = "libc++";
				CLANG_ENABLE_MODULES = YES;
				CLANG_ENABLE_OBJC_ARC = YES;
				CLANG_WARN_BOOL_CONVERSION = YES;
				CLANG_WARN_CONSTANT_CONVERSION = YES;
				CLANG_WARN_DIRECT_OBJC_ISA_USAGE = YES_ERROR;
				CLANG_WARN_EMPTY_BODY = YES;
				CLANG_WARN_ENUM_CONVERSION = YES;
				CLANG_WARN_INT_CONVERSION = YES;
				CLANG_WARN_OBJC_ROOT_CLASS = YES_ERROR;
				CLANG_WARN__DUPLICATE_METHOD_MATCH = YES;
				"CODE_SIGN_IDENTITY[sdk=iphoneos*]" = "iPhone Developer";
				COPY_PHASE_STRIP = YES;
				ENABLE_NS_ASSERTIONS = NO;
				GCC_C_LANGUAGE_STANDARD = gnu99;
				GCC_WARN_ABOUT_RETURN_TYPE = YES_ERROR;
				GCC_WARN_UNDECLARED_SELECTOR = YES;
				GCC_WARN_UNINITIALIZED_AUTOS = YES;
				GCC_WARN_UNUSED_FUNCTION = YES;
				GCC_WARN_UNUSED_VARIABLE = YES;
				IPHONEOS_DEPLOYMENT_TARGET = 7.0;
				SDKROOT = iphoneos;
				TARGETED_DEVICE_FAMILY = "1,2";
				VALIDATE_PRODUCT = YES;
			};
			name = Release;
		};
		8646018A17BAF99800FCE7F4 /* Debug */ = {
			isa = XCBuildConfiguration;
			buildSettings = {
				ASSETCATALOG_COMPILER_APPICON_NAME = AppIcon;
				ASSETCATALOG_COMPILER_LAUNCHIMAGE_NAME = LaunchImage;
				GCC_PRECOMPILE_PREFIX_HEADER = YES;
				GCC_PREFIX_HEADER = "example/RNFrostedSidebar-Prefix.pch";
				INFOPLIST_FILE = "example/RNFrostedSidebar-Info.plist";
				IPHONEOS_DEPLOYMENT_TARGET = 6.0;
				PRODUCT_NAME = RNFrostedSidebar;
				WRAPPER_EXTENSION = app;
			};
			name = Debug;
		};
		8646018B17BAF99800FCE7F4 /* Release */ = {
			isa = XCBuildConfiguration;
			buildSettings = {
				ASSETCATALOG_COMPILER_APPICON_NAME = AppIcon;
				ASSETCATALOG_COMPILER_LAUNCHIMAGE_NAME = LaunchImage;
				GCC_PRECOMPILE_PREFIX_HEADER = YES;
				GCC_PREFIX_HEADER = "example/RNFrostedSidebar-Prefix.pch";
				INFOPLIST_FILE = "example/RNFrostedSidebar-Info.plist";
				IPHONEOS_DEPLOYMENT_TARGET = 6.0;
				PRODUCT_NAME = RNFrostedSidebar;
				WRAPPER_EXTENSION = app;
			};
			name = Release;
		};
/* End XCBuildConfiguration section */

/* Begin XCConfigurationList section */
		140C0D891AE2F4010029C90A /* Build configuration list for PBXNativeTarget "RNFrostedSidebarTests" */ = {
			isa = XCConfigurationList;
			buildConfigurations = (
				140C0D871AE2F4010029C90A /* Debug */,
				140C0D881AE2F4010029C90A /* Release */,
			);
			defaultConfigurationIsVisible = 0;
			defaultConfigurationName = Release;
		};
		8646015817BAF99800FCE7F4 /* Build configuration list for PBXProject "RNFrostedSidebar" */ = {
			isa = XCConfigurationList;
			buildConfigurations = (
				8646018717BAF99800FCE7F4 /* Debug */,
				8646018817BAF99800FCE7F4 /* Release */,
			);
			defaultConfigurationIsVisible = 0;
			defaultConfigurationName = Release;
		};
		8646018917BAF99800FCE7F4 /* Build configuration list for PBXNativeTarget "RNFrostedSidebar" */ = {
			isa = XCConfigurationList;
			buildConfigurations = (
				8646018A17BAF99800FCE7F4 /* Debug */,
				8646018B17BAF99800FCE7F4 /* Release */,
			);
			defaultConfigurationIsVisible = 0;
			defaultConfigurationName = Release;
		};
/* End XCConfigurationList section */
	};
	rootObject = 8646015517BAF99800FCE7F4 /* Project object */;
}
